
Microsoft Visual Studio Solution File, Format Version 12.00
# Visual Studio 2012
Project("{FAE04EC0-301F-11D3-BF4B-00C04F79EFBC}") = "Hantec", "Hantec\Hantec.csproj", "{07735822-6FC4-4852-8853-C14EDC013D69}"
EndProject
Project("{FAE04EC0-301F-11D3-BF4B-00C04F79EFBC}") = "Hantec.iOS", "iOS\Hantec.iOS.csproj", "{6B15721B-9033-4EB3-A7D4-9152D5F4282A}"
EndProject
Global
	GlobalSection(SolutionConfigurationPlatforms) = preSolution
		Debug|Any CPU = Debug|Any CPU
		Release|Any CPU = Release|Any CPU
		Debug|iPhoneSimulator = Debug|iPhoneSimulator
		Release|iPhone = Release|iPhone
		Release|iPhoneSimulator = Release|iPhoneSimulator
		Debug|iPhone = Debug|iPhone
	EndGlobalSection
	GlobalSection(ProjectConfigurationPlatforms) = postSolution
		{07735822-6FC4-4852-8853-C14EDC013D69}.Debug|Any CPU.ActiveCfg = Debug|Any CPU
		{07735822-6FC4-4852-8853-C14EDC013D69}.Debug|Any CPU.Build.0 = Debug|Any CPU
		{07735822-6FC4-4852-8853-C14EDC013D69}.Release|Any CPU.ActiveCfg = Release|Any CPU
		{07735822-6FC4-4852-8853-C14EDC013D69}.Release|Any CPU.Build.0 = Release|Any CPU
		{07735822-6FC4-4852-8853-C14EDC013D69}.Debug|iPhoneSimulator.ActiveCfg = Debug|Any CPU
		{07735822-6FC4-4852-8853-C14EDC013D69}.Debug|iPhoneSimulator.Build.0 = Debug|Any CPU
		{07735822-6FC4-4852-8853-C14EDC013D69}.Release|iPhone.ActiveCfg = Release|Any CPU
		{07735822-6FC4-4852-8853-C14EDC013D69}.Release|iPhone.Build.0 = Release|Any CPU
		{07735822-6FC4-4852-8853-C14EDC013D69}.Release|iPhoneSimulator.ActiveCfg = Release|Any CPU
		{07735822-6FC4-4852-8853-C14EDC013D69}.Release|iPhoneSimulator.Build.0 = Release|Any CPU
		{07735822-6FC4-4852-8853-C14EDC013D69}.Debug|iPhone.ActiveCfg = Debug|Any CPU
		{07735822-6FC4-4852-8853-C14EDC013D69}.Debug|iPhone.Build.0 = Debug|Any CPU
		{6B15721B-9033-4EB3-A7D4-9152D5F4282A}.Debug|Any CPU.ActiveCfg = Debug|iPhoneSimulator
		{6B15721B-9033-4EB3-A7D4-9152D5F4282A}.Debug|Any CPU.Build.0 = Debug|iPhoneSimulator
		{6B15721B-9033-4EB3-A7D4-9152D5F4282A}.Release|Any CPU.ActiveCfg = Debug|iPhoneSimulator
		{6B15721B-9033-4EB3-A7D4-9152D5F4282A}.Release|Any CPU.Build.0 = Debug|iPhoneSimulator
		{6B15721B-9033-4EB3-A7D4-9152D5F4282A}.Debug|iPhoneSimulator.ActiveCfg = Debug|iPhoneSimulator
		{6B15721B-9033-4EB3-A7D4-9152D5F4282A}.Debug|iPhoneSimulator.Build.0 = Debug|iPhoneSimulator
		{6B15721B-9033-4EB3-A7D4-9152D5F4282A}.Release|iPhone.ActiveCfg = Release|iPhone
		{6B15721B-9033-4EB3-A7D4-9152D5F4282A}.Release|iPhone.Build.0 = Release|iPhone
		{6B15721B-9033-4EB3-A7D4-9152D5F4282A}.Release|iPhoneSimulator.ActiveCfg = Release|iPhoneSimulator
		{6B15721B-9033-4EB3-A7D4-9152D5F4282A}.Release|iPhoneSimulator.Build.0 = Release|iPhoneSimulator
		{6B15721B-9033-4EB3-A7D4-9152D5F4282A}.Debug|iPhone.ActiveCfg = Debug|iPhone
		{6B15721B-9033-4EB3-A7D4-9152D5F4282A}.Debug|iPhone.Build.0 = Debug|iPhone
	EndGlobalSection
EndGlobal
